// !$*UTF8*$!
{
	archiveVersion = 1;
	classes = {
	};
	objectVersion = 56;
	objects = {

/* Begin PBXBuildFile section */
		0CE1427C51BD14C63EBD5A27 /* SnapKit in Frameworks */ = {isa = PBXBuildFile; productRef = 3495552188FE23E79AD159AA /* SnapKit */; };
		1490BB753C07E343ED68D3C6 /* TextField.swift in Sources */ = {isa = PBXBuildFile; fileRef = 45F751F940AB98B39EC81817 /* TextField.swift */; };
		178A6F665D7107DE69907CC5 /* NavigationBar.swift in Sources */ = {isa = PBXBuildFile; fileRef = DE3F02E65454E61D1AA101F3 /* NavigationBar.swift */; };
		1BCD33C58AF2DB1AE121EA90 /* AppDelegate.swift in Sources */ = {isa = PBXBuildFile; fileRef = 02DA2E8E596D902F9D2B22A6 /* AppDelegate.swift */; };
		343158C7B3C4DFDE09F89E0F /* XCAssets+Generated.swift in Sources */ = {isa = PBXBuildFile; fileRef = 782999E852BE7C44DDAC6C7A /* XCAssets+Generated.swift */; };
		3B2F1DD9714453CA331CEAC7 /* FittingTextField.swift in Sources */ = {isa = PBXBuildFile; fileRef = 594A0B96C80F95418F30FBFF /* FittingTextField.swift */; };
		3B7D486B9CFB3310825EB13E /* TextFieldViewModel.swift in Sources */ = {isa = PBXBuildFile; fileRef = 526CFEFC431C578D6910DAEA /* TextFieldViewModel.swift */; };
		4319C5002BBCA7FEB359398E /* Localizable.strings in Resources */ = {isa = PBXBuildFile; fileRef = 5FFA97F1C1312B839889BF6A /* Localizable.strings */; };
		55BF4554952274AEF0F0E19B /* Coordinator.swift in Sources */ = {isa = PBXBuildFile; fileRef = 43963B0665C4744E2486DF1E /* Coordinator.swift */; };
		6BF581907C89243BC7728857 /* Inter-VariableFont_slnt,wght.ttf in Resources */ = {isa = PBXBuildFile; fileRef = 0A68C825094C2E5B8BA631D5 /* Inter-VariableFont_slnt,wght.ttf */; };
		861CD61E658DA25E380AC7E8 /* Fonts.swift in Sources */ = {isa = PBXBuildFile; fileRef = FFFF0C99158F0B1E655167CB /* Fonts.swift */; };
		8CB0B6D433C86D71FD697310 /* MainCoordinator.swift in Sources */ = {isa = PBXBuildFile; fileRef = D0DEE26818247E7CC1E44F68 /* MainCoordinator.swift */; };
		9A566EB294101FDCE4BD915F /* LaunchScreen.storyboard in Resources */ = {isa = PBXBuildFile; fileRef = 524310A843DF09F48019E642 /* LaunchScreen.storyboard */; };
		A53F93B3050A2AC5301D3361 /* OFL.txt in Resources */ = {isa = PBXBuildFile; fileRef = 64A8B91553B85FC8D18DE071 /* OFL.txt */; };
		A989BCD2055032BFCEF5B96D /* SearchViewController.swift in Sources */ = {isa = PBXBuildFile; fileRef = 8E86C462338AF2A6445B1EDD /* SearchViewController.swift */; };
		ABD6510DE3C1FDB5B23B1AD7 /* SearchView.swift in Sources */ = {isa = PBXBuildFile; fileRef = 75EAF29F5AD667CDDE81C100 /* SearchView.swift */; };
		AFB0AD8AE8C9B6927A3708FD /* Jomhuria-Regular.ttf in Resources */ = {isa = PBXBuildFile; fileRef = 9CFFCE7A6E1482056EA1116F /* Jomhuria-Regular.ttf */; };
		CE760BCFFE767A8770D06B09 /* Strings+Generated.swift in Sources */ = {isa = PBXBuildFile; fileRef = 5D8621EFCFCDE3C3692DB74B /* Strings+Generated.swift */; };
		D61CDFFBAD4F128F146B3317 /* Assets.xcassets in Resources */ = {isa = PBXBuildFile; fileRef = 379CC76A19CA629299F307BA /* Assets.xcassets */; };
		F428E5D2F3B6301463B2967E /* ViewModelConfigurable.swift in Sources */ = {isa = PBXBuildFile; fileRef = 3FCB147978DCA7DB9EDC82BC /* ViewModelConfigurable.swift */; };
/* End PBXBuildFile section */

/* Begin PBXFileReference section */
		02DA2E8E596D902F9D2B22A6 /* AppDelegate.swift */ = {isa = PBXFileReference; lastKnownFileType = sourcecode.swift; path = AppDelegate.swift; sourceTree = "<group>"; };
		0A68C825094C2E5B8BA631D5 /* Inter-VariableFont_slnt,wght.ttf */ = {isa = PBXFileReference; lastKnownFileType = file; path = "Inter-VariableFont_slnt,wght.ttf"; sourceTree = "<group>"; };
		2B19F64D8CDAF818E078CE2D /* Info.plist */ = {isa = PBXFileReference; lastKnownFileType = text.plist; path = Info.plist; sourceTree = "<group>"; };
		379CC76A19CA629299F307BA /* Assets.xcassets */ = {isa = PBXFileReference; lastKnownFileType = folder.assetcatalog; path = Assets.xcassets; sourceTree = "<group>"; };
		3FCB147978DCA7DB9EDC82BC /* ViewModelConfigurable.swift */ = {isa = PBXFileReference; lastKnownFileType = sourcecode.swift; path = ViewModelConfigurable.swift; sourceTree = "<group>"; };
		43963B0665C4744E2486DF1E /* Coordinator.swift */ = {isa = PBXFileReference; lastKnownFileType = sourcecode.swift; path = Coordinator.swift; sourceTree = "<group>"; };
		45F751F940AB98B39EC81817 /* TextField.swift */ = {isa = PBXFileReference; lastKnownFileType = sourcecode.swift; path = TextField.swift; sourceTree = "<group>"; };
		489379C44AE47EECB552EEF7 /* TalentWarsFigmaQuestion.app */ = {isa = PBXFileReference; explicitFileType = wrapper.application; includeInIndex = 0; path = TalentWarsFigmaQuestion.app; sourceTree = BUILT_PRODUCTS_DIR; };
		526CFEFC431C578D6910DAEA /* TextFieldViewModel.swift */ = {isa = PBXFileReference; lastKnownFileType = sourcecode.swift; path = TextFieldViewModel.swift; sourceTree = "<group>"; };
		594A0B96C80F95418F30FBFF /* FittingTextField.swift */ = {isa = PBXFileReference; lastKnownFileType = sourcecode.swift; path = FittingTextField.swift; sourceTree = "<group>"; };
		5D8621EFCFCDE3C3692DB74B /* Strings+Generated.swift */ = {isa = PBXFileReference; lastKnownFileType = sourcecode.swift; path = "Strings+Generated.swift"; sourceTree = "<group>"; };
		64A8B91553B85FC8D18DE071 /* OFL.txt */ = {isa = PBXFileReference; lastKnownFileType = text; path = OFL.txt; sourceTree = "<group>"; };
		75EAF29F5AD667CDDE81C100 /* SearchView.swift */ = {isa = PBXFileReference; lastKnownFileType = sourcecode.swift; path = SearchView.swift; sourceTree = "<group>"; };
		782999E852BE7C44DDAC6C7A /* XCAssets+Generated.swift */ = {isa = PBXFileReference; lastKnownFileType = sourcecode.swift; path = "XCAssets+Generated.swift"; sourceTree = "<group>"; };
		8E86C462338AF2A6445B1EDD /* SearchViewController.swift */ = {isa = PBXFileReference; lastKnownFileType = sourcecode.swift; path = SearchViewController.swift; sourceTree = "<group>"; };
		8FA2223910E269022D597F9E /* Base */ = {isa = PBXFileReference; lastKnownFileType = file.storyboard; name = Base; path = Base.lproj/LaunchScreen.storyboard; sourceTree = "<group>"; };
		9CFFCE7A6E1482056EA1116F /* Jomhuria-Regular.ttf */ = {isa = PBXFileReference; lastKnownFileType = file; path = "Jomhuria-Regular.ttf"; sourceTree = "<group>"; };
		D0DEE26818247E7CC1E44F68 /* MainCoordinator.swift */ = {isa = PBXFileReference; lastKnownFileType = sourcecode.swift; path = MainCoordinator.swift; sourceTree = "<group>"; };
		DE3F02E65454E61D1AA101F3 /* NavigationBar.swift */ = {isa = PBXFileReference; lastKnownFileType = sourcecode.swift; path = NavigationBar.swift; sourceTree = "<group>"; };
		EE3D6099B0451B9F9D104A78 /* en */ = {isa = PBXFileReference; lastKnownFileType = text.plist.strings; name = en; path = en.lproj/Localizable.strings; sourceTree = "<group>"; };
		FFFF0C99158F0B1E655167CB /* Fonts.swift */ = {isa = PBXFileReference; lastKnownFileType = sourcecode.swift; path = Fonts.swift; sourceTree = "<group>"; };
/* End PBXFileReference section */

/* Begin PBXFrameworksBuildPhase section */
		F1E25353BD5063853102A1E2 /* Frameworks */ = {
			isa = PBXFrameworksBuildPhase;
			buildActionMask = 2147483647;
			files = (
				0CE1427C51BD14C63EBD5A27 /* SnapKit in Frameworks */,
			);
			runOnlyForDeploymentPostprocessing = 0;
		};
/* End PBXFrameworksBuildPhase section */

/* Begin PBXGroup section */
		135A9B7925A933A5331FFEFF /* Views */ = {
			isa = PBXGroup;
			children = (
				DE3F02E65454E61D1AA101F3 /* NavigationBar.swift */,
				75EAF29F5AD667CDDE81C100 /* SearchView.swift */,
			);
			path = Views;
			sourceTree = "<group>";
		};
		268B0AE77ADCBF88A02E8108 /* SharedResources */ = {
			isa = PBXGroup;
			children = (
				F6CFE0B70650589DEDE85846 /* Generated */,
				5B45E1AFD3D014CF3F37D05B /* Resources */,
			);
			path = SharedResources;
			sourceTree = "<group>";
		};
		465CFB2D361A731E92F13868 /* TalentWarsFigmaQuestion */ = {
			isa = PBXGroup;
			children = (
				02DA2E8E596D902F9D2B22A6 /* AppDelegate.swift */,
				2B19F64D8CDAF818E078CE2D /* Info.plist */,
				A0FA5A320BFB564612FC47E6 /* Coordinator */,
				9E8956F9CD24B701D3A997FA /* DesignSystem */,
				E17B33470006E4203529A3FB /* Search */,
				268B0AE77ADCBF88A02E8108 /* SharedResources */,
			);
			path = TalentWarsFigmaQuestion;
			sourceTree = "<group>";
		};
		5B45E1AFD3D014CF3F37D05B /* Resources */ = {
			isa = PBXGroup;
			children = (
				379CC76A19CA629299F307BA /* Assets.xcassets */,
				524310A843DF09F48019E642 /* LaunchScreen.storyboard */,
				ABFDEB45C1AF703373390A39 /* Fonts */,
				93B12F90404BC2765B036AB5 /* Strings */,
			);
			path = Resources;
			sourceTree = "<group>";
		};
		7DF9FC3E1857FC5897D8EE5E = {
			isa = PBXGroup;
			children = (
				465CFB2D361A731E92F13868 /* TalentWarsFigmaQuestion */,
				9A79A8284C9190AB7DB04627 /* Products */,
			);
			sourceTree = "<group>";
		};
		93B12F90404BC2765B036AB5 /* Strings */ = {
			isa = PBXGroup;
			children = (
				5FFA97F1C1312B839889BF6A /* Localizable.strings */,
			);
			path = Strings;
			sourceTree = "<group>";
		};
		9A79A8284C9190AB7DB04627 /* Products */ = {
			isa = PBXGroup;
			children = (
				489379C44AE47EECB552EEF7 /* TalentWarsFigmaQuestion.app */,
			);
			name = Products;
			sourceTree = "<group>";
		};
		9E8956F9CD24B701D3A997FA /* DesignSystem */ = {
			isa = PBXGroup;
			children = (
				A3BB1726C35EFC55A7FCCCE1 /* TextField */,
				D0BEFA7AC9295BCF29469421 /* ViewModelConfigurable */,
			);
			path = DesignSystem;
			sourceTree = "<group>";
		};
		A0FA5A320BFB564612FC47E6 /* Coordinator */ = {
			isa = PBXGroup;
			children = (
				43963B0665C4744E2486DF1E /* Coordinator.swift */,
				D0DEE26818247E7CC1E44F68 /* MainCoordinator.swift */,
			);
			path = Coordinator;
			sourceTree = "<group>";
		};
		A3BB1726C35EFC55A7FCCCE1 /* TextField */ = {
			isa = PBXGroup;
			children = (
				594A0B96C80F95418F30FBFF /* FittingTextField.swift */,
				45F751F940AB98B39EC81817 /* TextField.swift */,
				526CFEFC431C578D6910DAEA /* TextFieldViewModel.swift */,
			);
			path = TextField;
			sourceTree = "<group>";
		};
		ABFDEB45C1AF703373390A39 /* Fonts */ = {
			isa = PBXGroup;
			children = (
				64A8B91553B85FC8D18DE071 /* OFL.txt */,
				FB8B8A66AF59E7A80417CEC4 /* Inter */,
				B4FB8569F9CFDE3CBD399A32 /* Jomhuria-Regular */,
			);
			path = Fonts;
			sourceTree = "<group>";
		};
		B4FB8569F9CFDE3CBD399A32 /* Jomhuria-Regular */ = {
			isa = PBXGroup;
			children = (
				9CFFCE7A6E1482056EA1116F /* Jomhuria-Regular.ttf */,
			);
			path = "Jomhuria-Regular";
			sourceTree = "<group>";
		};
		D0BEFA7AC9295BCF29469421 /* ViewModelConfigurable */ = {
			isa = PBXGroup;
			children = (
				3FCB147978DCA7DB9EDC82BC /* ViewModelConfigurable.swift */,
			);
			path = ViewModelConfigurable;
			sourceTree = "<group>";
		};
		E17B33470006E4203529A3FB /* Search */ = {
			isa = PBXGroup;
			children = (
				8E86C462338AF2A6445B1EDD /* SearchViewController.swift */,
				135A9B7925A933A5331FFEFF /* Views */,
			);
			path = Search;
			sourceTree = "<group>";
		};
		F6CFE0B70650589DEDE85846 /* Generated */ = {
			isa = PBXGroup;
			children = (
				FFFF0C99158F0B1E655167CB /* Fonts.swift */,
				5D8621EFCFCDE3C3692DB74B /* Strings+Generated.swift */,
				782999E852BE7C44DDAC6C7A /* XCAssets+Generated.swift */,
			);
			path = Generated;
			sourceTree = "<group>";
		};
		FB8B8A66AF59E7A80417CEC4 /* Inter */ = {
			isa = PBXGroup;
			children = (
				0A68C825094C2E5B8BA631D5 /* Inter-VariableFont_slnt,wght.ttf */,
			);
			path = Inter;
			sourceTree = "<group>";
		};
/* End PBXGroup section */

/* Begin PBXNativeTarget section */
		4B3C94DAD2E01F450BA14DC6 /* TalentWarsFigmaQuestion */ = {
			isa = PBXNativeTarget;
			buildConfigurationList = 7EC66E348B884C86D63527B2 /* Build configuration list for PBXNativeTarget "TalentWarsFigmaQuestion" */;
			buildPhases = (
				D624D278188AC0E6F559D350 /* Swiftlint */,
				5F1396B038667CB9F1FC53BF /* Sources */,
				273C7EDDBF1378A96DF8DD94 /* Resources */,
				F1E25353BD5063853102A1E2 /* Frameworks */,
			);
			buildRules = (
			);
			dependencies = (
			);
			name = TalentWarsFigmaQuestion;
			packageProductDependencies = (
				3495552188FE23E79AD159AA /* SnapKit */,
			);
			productName = TalentWarsFigmaQuestion;
			productReference = 489379C44AE47EECB552EEF7 /* TalentWarsFigmaQuestion.app */;
			productType = "com.apple.product-type.application";
		};
/* End PBXNativeTarget section */

/* Begin PBXProject section */
		CAB7A58D92A23C37E2F66863 /* Project object */ = {
			isa = PBXProject;
			attributes = {
				BuildIndependentTargetsInParallel = YES;
				LastUpgradeCheck = 1430;
				ORGANIZATIONNAME = "Nikita Shvadlenko";
			};
			buildConfigurationList = BA7E548687670581D6BDCB06 /* Build configuration list for PBXProject "TalentWarsFigmaQuestion" */;
			compatibilityVersion = "Xcode 14.0";
			developmentRegion = en;
			hasScannedForEncodings = 0;
			knownRegions = (
				Base,
				en,
			);
			mainGroup = 7DF9FC3E1857FC5897D8EE5E;
			packageReferences = (
				E236A73F49DEEA2E7F141B38 /* XCRemoteSwiftPackageReference "SnapKit" */,
			);
			projectDirPath = "";
			projectRoot = "";
			targets = (
				4B3C94DAD2E01F450BA14DC6 /* TalentWarsFigmaQuestion */,
			);
		};
/* End PBXProject section */

/* Begin PBXResourcesBuildPhase section */
		273C7EDDBF1378A96DF8DD94 /* Resources */ = {
			isa = PBXResourcesBuildPhase;
			buildActionMask = 2147483647;
			files = (
				D61CDFFBAD4F128F146B3317 /* Assets.xcassets in Resources */,
				6BF581907C89243BC7728857 /* Inter-VariableFont_slnt,wght.ttf in Resources */,
				AFB0AD8AE8C9B6927A3708FD /* Jomhuria-Regular.ttf in Resources */,
				9A566EB294101FDCE4BD915F /* LaunchScreen.storyboard in Resources */,
				4319C5002BBCA7FEB359398E /* Localizable.strings in Resources */,
				A53F93B3050A2AC5301D3361 /* OFL.txt in Resources */,
			);
			runOnlyForDeploymentPostprocessing = 0;
		};
/* End PBXResourcesBuildPhase section */

/* Begin PBXShellScriptBuildPhase section */
		D624D278188AC0E6F559D350 /* Swiftlint */ = {
			isa = PBXShellScriptBuildPhase;
			buildActionMask = 2147483647;
			files = (
			);
			inputFileListPaths = (
			);
			inputPaths = (
			);
			name = Swiftlint;
			outputFileListPaths = (
			);
			outputPaths = (
			);
			runOnlyForDeploymentPostprocessing = 0;
			shellPath = /bin/sh;
			shellScript = "export PATH=\"$PATH:/opt/homebrew/bin\"\nif which swiftlint >/dev/null; then\n  swiftlint\nelse\n  echo \"warning: SwiftLint not installed, download from https://github.com/realm/SwiftLint\"\nfi\n";
		};
/* End PBXShellScriptBuildPhase section */

/* Begin PBXSourcesBuildPhase section */
		5F1396B038667CB9F1FC53BF /* Sources */ = {
			isa = PBXSourcesBuildPhase;
			buildActionMask = 2147483647;
			files = (
				1BCD33C58AF2DB1AE121EA90 /* AppDelegate.swift in Sources */,
				55BF4554952274AEF0F0E19B /* Coordinator.swift in Sources */,
				3B2F1DD9714453CA331CEAC7 /* FittingTextField.swift in Sources */,
				861CD61E658DA25E380AC7E8 /* Fonts.swift in Sources */,
				8CB0B6D433C86D71FD697310 /* MainCoordinator.swift in Sources */,
				178A6F665D7107DE69907CC5 /* NavigationBar.swift in Sources */,
				ABD6510DE3C1FDB5B23B1AD7 /* SearchView.swift in Sources */,
				A989BCD2055032BFCEF5B96D /* SearchViewController.swift in Sources */,
				CE760BCFFE767A8770D06B09 /* Strings+Generated.swift in Sources */,
				1490BB753C07E343ED68D3C6 /* TextField.swift in Sources */,
				3B7D486B9CFB3310825EB13E /* TextFieldViewModel.swift in Sources */,
				F428E5D2F3B6301463B2967E /* ViewModelConfigurable.swift in Sources */,
				343158C7B3C4DFDE09F89E0F /* XCAssets+Generated.swift in Sources */,
			);
			runOnlyForDeploymentPostprocessing = 0;
		};
/* End PBXSourcesBuildPhase section */

/* Begin PBXVariantGroup section */
		524310A843DF09F48019E642 /* LaunchScreen.storyboard */ = {
			isa = PBXVariantGroup;
			children = (
				8FA2223910E269022D597F9E /* Base */,
			);
			name = LaunchScreen.storyboard;
			sourceTree = "<group>";
		};
		5FFA97F1C1312B839889BF6A /* Localizable.strings */ = {
			isa = PBXVariantGroup;
			children = (
				EE3D6099B0451B9F9D104A78 /* en */,
			);
			name = Localizable.strings;
			sourceTree = "<group>";
		};
/* End PBXVariantGroup section */

/* Begin XCBuildConfiguration section */
		1531AE6D31CC5E220A205590 /* Debug */ = {
			isa = XCBuildConfiguration;
			buildSettings = {
				ASSETCATALOG_COMPILER_APPICON_NAME = AppIcon;
				CODE_SIGN_IDENTITY = "Apple Development";
				CODE_SIGN_STYLE = Automatic;
				DEVELOPMENT_TEAM = SZ5CPZCXJA;
				DISPLAY_NAME = TalentWarsFigmaQuestion;
				INFOPLIST_FILE = TalentWarsFigmaQuestion/Info.plist;
				LD_RUNPATH_SEARCH_PATHS = (
					"$(inherited)",
					"@executable_path/Frameworks",
				);
				PRODUCT_BUNDLE_IDENTIFIER = com.nikitaShvad.xylophone;
				PROVISIONING_PROFILE_SPECIFIER = "";
				SDKROOT = iphoneos;
				TARGETED_DEVICE_FAMILY = 1;
			};
			name = Debug;
		};
		197EC614D9AB00B1491E7710 /* Release */ = {
			isa = XCBuildConfiguration;
			buildSettings = {
				ASSETCATALOG_COMPILER_APPICON_NAME = AppIcon;
				CODE_SIGN_IDENTITY = "Apple Development";
				CODE_SIGN_STYLE = Automatic;
				DEVELOPMENT_TEAM = SZ5CPZCXJA;
				DISPLAY_NAME = TalentWarsFigmaQuestion;
				INFOPLIST_FILE = TalentWarsFigmaQuestion/Info.plist;
				LD_RUNPATH_SEARCH_PATHS = (
					"$(inherited)",
					"@executable_path/Frameworks",
				);
				PRODUCT_BUNDLE_IDENTIFIER = com.nikitaShvad.xylophone;
				PROVISIONING_PROFILE_SPECIFIER = "";
				SDKROOT = iphoneos;
				TARGETED_DEVICE_FAMILY = 1;
			};
			name = Release;
		};
		77A371DE0C1D6A87DEF92ACB /* Debug */ = {
			isa = XCBuildConfiguration;
			buildSettings = {
				ALWAYS_SEARCH_USER_PATHS = NO;
				CLANG_ANALYZER_LOCALIZABILITY_EMPTY_CONTEXT = YES;
				CLANG_ANALYZER_LOCALIZABILITY_NONLOCALIZED = YES;
				CLANG_ANALYZER_NONNULL = YES;
				CLANG_ANALYZER_NUMBER_OBJECT_CONVERSION = YES_AGGRESSIVE;
				CLANG_CXX_LANGUAGE_STANDARD = "gnu++14";
				CLANG_CXX_LIBRARY = "libc++";
				CLANG_ENABLE_MODULES = YES;
				CLANG_ENABLE_OBJC_ARC = YES;
				CLANG_ENABLE_OBJC_WEAK = YES;
				CLANG_WARN_BLOCK_CAPTURE_AUTORELEASING = YES;
				CLANG_WARN_BOOL_CONVERSION = YES;
				CLANG_WARN_COMMA = YES;
				CLANG_WARN_CONSTANT_CONVERSION = YES;
				CLANG_WARN_DEPRECATED_OBJC_IMPLEMENTATIONS = YES;
				CLANG_WARN_DIRECT_OBJC_ISA_USAGE = YES_ERROR;
				CLANG_WARN_DOCUMENTATION_COMMENTS = YES;
				CLANG_WARN_EMPTY_BODY = YES;
				CLANG_WARN_ENUM_CONVERSION = YES;
				CLANG_WARN_INFINITE_RECURSION = YES;
				CLANG_WARN_INT_CONVERSION = YES;
				CLANG_WARN_NON_LITERAL_NULL_CONVERSION = YES;
				CLANG_WARN_OBJC_IMPLICIT_RETAIN_SELF = YES;
				CLANG_WARN_OBJC_LITERAL_CONVERSION = YES;
				CLANG_WARN_OBJC_ROOT_CLASS = YES_ERROR;
				CLANG_WARN_QUOTED_INCLUDE_IN_FRAMEWORK_HEADER = YES;
				CLANG_WARN_RANGE_LOOP_ANALYSIS = YES;
				CLANG_WARN_STRICT_PROTOTYPES = YES;
				CLANG_WARN_SUSPICIOUS_MOVE = YES;
				CLANG_WARN_UNGUARDED_AVAILABILITY = YES_AGGRESSIVE;
				CLANG_WARN_UNREACHABLE_CODE = YES;
				CLANG_WARN__DUPLICATE_METHOD_MATCH = YES;
				COPY_PHASE_STRIP = NO;
				DEBUG_INFORMATION_FORMAT = "dwarf-with-dsym";
				ENABLE_STRICT_OBJC_MSGSEND = YES;
				ENABLE_TESTABILITY = YES;
				GCC_C_LANGUAGE_STANDARD = gnu11;
				GCC_DYNAMIC_NO_PIC = NO;
				GCC_NO_COMMON_BLOCKS = YES;
				GCC_OPTIMIZATION_LEVEL = 0;
				GCC_PREPROCESSOR_DEFINITIONS = (
					"$(inherited)",
					"DEBUG=1",
				);
				GCC_WARN_64_TO_32_BIT_CONVERSION = YES;
				GCC_WARN_ABOUT_RETURN_TYPE = YES_ERROR;
				GCC_WARN_UNDECLARED_SELECTOR = YES;
				GCC_WARN_UNINITIALIZED_AUTOS = YES_AGGRESSIVE;
				GCC_WARN_UNUSED_FUNCTION = YES;
				GCC_WARN_UNUSED_VARIABLE = YES;
				IPHONEOS_DEPLOYMENT_TARGET = 13.0;
				MTL_ENABLE_DEBUG_INFO = INCLUDE_SOURCE;
				MTL_FAST_MATH = YES;
				ONLY_ACTIVE_ARCH = YES;
				PRODUCT_NAME = "$(TARGET_NAME)";
				SDKROOT = iphoneos;
				SWIFT_ACTIVE_COMPILATION_CONDITIONS = DEBUG;
				SWIFT_OPTIMIZATION_LEVEL = "-Onone";
				SWIFT_VERSION = 5.0;
			};
			name = Debug;
		};
		C4BF0DA167A52F83F0A923F5 /* Release */ = {
			isa = XCBuildConfiguration;
			buildSettings = {
				ALWAYS_SEARCH_USER_PATHS = NO;
				CLANG_ANALYZER_LOCALIZABILITY_EMPTY_CONTEXT = YES;
				CLANG_ANALYZER_LOCALIZABILITY_NONLOCALIZED = YES;
				CLANG_ANALYZER_NONNULL = YES;
				CLANG_ANALYZER_NUMBER_OBJECT_CONVERSION = YES_AGGRESSIVE;
				CLANG_CXX_LANGUAGE_STANDARD = "gnu++14";
				CLANG_CXX_LIBRARY = "libc++";
				CLANG_ENABLE_MODULES = YES;
				CLANG_ENABLE_OBJC_ARC = YES;
				CLANG_ENABLE_OBJC_WEAK = YES;
				CLANG_WARN_BLOCK_CAPTURE_AUTORELEASING = YES;
				CLANG_WARN_BOOL_CONVERSION = YES;
				CLANG_WARN_COMMA = YES;
				CLANG_WARN_CONSTANT_CONVERSION = YES;
				CLANG_WARN_DEPRECATED_OBJC_IMPLEMENTATIONS = YES;
				CLANG_WARN_DIRECT_OBJC_ISA_USAGE = YES_ERROR;
				CLANG_WARN_DOCUMENTATION_COMMENTS = YES;
				CLANG_WARN_EMPTY_BODY = YES;
				CLANG_WARN_ENUM_CONVERSION = YES;
				CLANG_WARN_INFINITE_RECURSION = YES;
				CLANG_WARN_INT_CONVERSION = YES;
				CLANG_WARN_NON_LITERAL_NULL_CONVERSION = YES;
				CLANG_WARN_OBJC_IMPLICIT_RETAIN_SELF = YES;
				CLANG_WARN_OBJC_LITERAL_CONVERSION = YES;
				CLANG_WARN_OBJC_ROOT_CLASS = YES_ERROR;
				CLANG_WARN_QUOTED_INCLUDE_IN_FRAMEWORK_HEADER = YES;
				CLANG_WARN_RANGE_LOOP_ANALYSIS = YES;
				CLANG_WARN_STRICT_PROTOTYPES = YES;
				CLANG_WARN_SUSPICIOUS_MOVE = YES;
				CLANG_WARN_UNGUARDED_AVAILABILITY = YES_AGGRESSIVE;
				CLANG_WARN_UNREACHABLE_CODE = YES;
				CLANG_WARN__DUPLICATE_METHOD_MATCH = YES;
				COPY_PHASE_STRIP = NO;
				DEBUG_INFORMATION_FORMAT = "dwarf-with-dsym";
				ENABLE_NS_ASSERTIONS = NO;
				ENABLE_STRICT_OBJC_MSGSEND = YES;
				GCC_C_LANGUAGE_STANDARD = gnu11;
				GCC_NO_COMMON_BLOCKS = YES;
				GCC_WARN_64_TO_32_BIT_CONVERSION = YES;
				GCC_WARN_ABOUT_RETURN_TYPE = YES_ERROR;
				GCC_WARN_UNDECLARED_SELECTOR = YES;
				GCC_WARN_UNINITIALIZED_AUTOS = YES_AGGRESSIVE;
				GCC_WARN_UNUSED_FUNCTION = YES;
				GCC_WARN_UNUSED_VARIABLE = YES;
				IPHONEOS_DEPLOYMENT_TARGET = 13.0;
				MTL_ENABLE_DEBUG_INFO = NO;
				MTL_FAST_MATH = YES;
				PRODUCT_NAME = "$(TARGET_NAME)";
				SDKROOT = iphoneos;
				SWIFT_COMPILATION_MODE = wholemodule;
				SWIFT_OPTIMIZATION_LEVEL = "-O";
				SWIFT_VERSION = 5.0;
			};
			name = Release;
		};
/* End XCBuildConfiguration section */

/* Begin XCConfigurationList section */
		7EC66E348B884C86D63527B2 /* Build configuration list for PBXNativeTarget "TalentWarsFigmaQuestion" */ = {
			isa = XCConfigurationList;
			buildConfigurations = (
				1531AE6D31CC5E220A205590 /* Debug */,
				197EC614D9AB00B1491E7710 /* Release */,
			);
			defaultConfigurationIsVisible = 0;
			defaultConfigurationName = Debug;
		};
		BA7E548687670581D6BDCB06 /* Build configuration list for PBXProject "TalentWarsFigmaQuestion" */ = {
			isa = XCConfigurationList;
			buildConfigurations = (
				77A371DE0C1D6A87DEF92ACB /* Debug */,
				C4BF0DA167A52F83F0A923F5 /* Release */,
			);
			defaultConfigurationIsVisible = 0;
			defaultConfigurationName = Debug;
		};
/* End XCConfigurationList section */

/* Begin XCRemoteSwiftPackageReference section */
		E236A73F49DEEA2E7F141B38 /* XCRemoteSwiftPackageReference "SnapKit" */ = {
			isa = XCRemoteSwiftPackageReference;
			repositoryURL = "https://github.com/SnapKit/SnapKit";
			requirement = {
				kind = upToNextMinorVersion;
				minimumVersion = 5.6.0;
			};
		};
/* End XCRemoteSwiftPackageReference section */

/* Begin XCSwiftPackageProductDependency section */
		3495552188FE23E79AD159AA /* SnapKit */ = {
			isa = XCSwiftPackageProductDependency;
			package = E236A73F49DEEA2E7F141B38 /* XCRemoteSwiftPackageReference "SnapKit" */;
			productName = SnapKit;
		};
/* End XCSwiftPackageProductDependency section */
	};
	rootObject = CAB7A58D92A23C37E2F66863 /* Project object */;
}
